// !$*UTF8*$!
{
	archiveVersion = 1;
	classes = {
	};
	objectVersion = 77;
	objects = {

/* Begin PBXContainerItemProxy section */
		5A31B67C2FA5344F00D3B44F /* PBXContainerItemProxy */ = {
			isa = PBXContainerItemProxy;
			containerPortal = 5A31B6662FA5344E00D3B44F /* Project object */;
			proxyType = 1;
			remoteGlobalIDString = 5A31B66D2FA5344E00D3B44F;
			remoteInfo = hun;
		};
		5A31B6862FA5344F00D3B44F /* PBXContainerItemProxy */ = {
			isa = PBXContainerItemProxy;
			containerPortal = 5A31B6662FA5344E00D3B44F /* Project object */;
			proxyType = 1;
			remoteGlobalIDString = 5A31B66D2FA5344E00D3B44F;
			remoteInfo = hun;
		};
/* End PBXContainerItemProxy section */

/* Begin PBXFileReference section */
		5A31B66E2FA5344E00D3B44F /* hun.app */ = {isa = PBXFileReference; explicitFileType = wrapper.application; includeInIndex = 0; path = hun.app; sourceTree = BUILT_PRODUCTS_DIR; };
		5A31B67B2FA5344F00D3B44F /* hunTests.xctest */ = {isa = PBXFileReference; explicitFileType = wrapper.cfbundle; includeInIndex = 0; path = hunTests.xctest; sourceTree = BUILT_PRODUCTS_DIR; };
		5A31B6852FA5344F00D3B44F /* hunUITests.xctest */ = {isa = PBXFileReference; explicitFileType = wrapper.cfbundle; includeInIndex = 0; path = hunUITests.xctest; sourceTree = BUILT_PRODUCTS_DIR; };
/* End PBXFileReference section */

/* Begin PBXFileSystemSynchronizedRootGroup section */
		5A31B6702FA5344E00D3B44F /* hun */ = {
			isa = PBXFileSystemSynchronizedRootGroup;
			path = hun;
			sourceTree = "<group>";
		};
		5A31B67E2FA5344F00D3B44F /* hunTests */ = {
			isa = PBXFileSystemSynchronizedRootGroup;
			path = hunTests;
			sourceTree = "<group>";
		};
		5A31B6882FA5344F00D3B44F /* hunUITests */ = {
			isa = PBXFileSystemSynchronizedRootGroup;
			path = hunUITests;
			sourceTree = "<group>";
		};
/* End PBXFileSystemSynchronizedRootGroup section */

/* Begin PBXFrameworksBuildPhase section */
		5A31B66B2FA5344E00D3B44F /* Frameworks */ = {
			isa = PBXFrameworksBuildPhase;
			buildActionMask = 2147483647;
			files = (
			);
			runOnlyForDeploymentPostprocessing = 0;
		};
		5A31B6782FA5344F00D3B44F /* Frameworks */ = {
			isa = PBXFrameworksBuildPhase;
			buildActionMask = 2147483647;
			files = (
			);
			runOnlyForDeploymentPostprocessing = 0;
		};
		5A31B6822FA5344F00D3B44F /* Frameworks */ = {
			isa = PBXFrameworksBuildPhase;
			buildActionMask = 2147483647;
			files = (
			);
			runOnlyForDeploymentPostprocessing = 0;
		};
/* End PBXFrameworksBuildPhase section */

/* Begin PBXGroup section */
		5A31B6652FA5344E00D3B44F = {
			isa = PBXGroup;
			children = (
				5A31B6702FA5344E00D3B44F /* hun */,
				5A31B67E2FA5344F00D3B44F /* hunTests */,
				5A31B6882FA5344F00D3B44F /* hunUITests */,
				5A31B66F2FA5344E00D3B44F /* Products */,
			);
			sourceTree = "<group>";
		};
		5A31B66F2FA5344E00D3B44F /* Products */ = {
			isa = PBXGroup;
			children = (
				5A31B66E2FA5344E00D3B44F /* hun.app */,
				5A31B67B2FA5344F00D3B44F /* hunTests.xctest */,
				5A31B6852FA5344F00D3B44F /* hunUITests.xctest */,
			);
			name = Products;
			sourceTree = "<group>";
		};
/* End PBXGroup section */

/* Begin PBXNativeTarget section */
		5A31B66D2FA5344E00D3B44F /* hun */ = {
			isa = PBXNativeTarget;
			buildConfigurationList = 5A31B68F2FA5344F00D3B44F /* Build configuration list for PBXNativeTarget "hun" */;
			buildPhases = (
				5A31B66A2FA5344E00D3B44F /* Sources */,
				5A31B66B2FA5344E00D3B44F /* Frameworks */,
				5A31B6982FA6120000D3B44F /* Build hun CLI */,
				5A31B66C2FA5344E00D3B44F /* Resources */,
			);
			buildRules = (
			);
			dependencies = (
			);
			fileSystemSynchronizedGroups = (
				5A31B6702FA5344E00D3B44F /* hun */,
			);
			name = hun;
			packageProductDependencies = (
			);
			productName = hun;
			productReference = 5A31B66E2FA5344E00D3B44F /* hun.app */;
			productType = "com.apple.product-type.application";
		};
		5A31B67A2FA5344F00D3B44F /* hunTests */ = {
			isa = PBXNativeTarget;
			buildConfigurationList = 5A31B6922FA5344F00D3B44F /* Build configuration list for PBXNativeTarget "hunTests" */;
			buildPhases = (
				5A31B6772FA5344F00D3B44F /* Sources */,
				5A31B6782FA5344F00D3B44F /* Frameworks */,
				5A31B6792FA5344F00D3B44F /* Resources */,
			);
			buildRules = (
			);
			dependencies = (
				5A31B67D2FA5344F00D3B44F /* PBXTargetDependency */,
			);
			fileSystemSynchronizedGroups = (
				5A31B67E2FA5344F00D3B44F /* hunTests */,
			);
			name = hunTests;
			packageProductDependencies = (
			);
			productName = hunTests;
			productReference = 5A31B67B2FA5344F00D3B44F /* hunTests.xctest */;
			productType = "com.apple.product-type.bundle.unit-test";
		};
		5A31B6842FA5344F00D3B44F /* hunUITests */ = {
			isa = PBXNativeTarget;
			buildConfigurationList = 5A31B6952FA5344F00D3B44F /* Build configuration list for PBXNativeTarget "hunUITests" */;
			buildPhases = (
				5A31B6812FA5344F00D3B44F /* Sources */,
				5A31B6822FA5344F00D3B44F /* Frameworks */,
				5A31B6832FA5344F00D3B44F /* Resources */,
			);
			buildRules = (
			);
			dependencies = (
				5A31B6872FA5344F00D3B44F /* PBXTargetDependency */,
			);
			fileSystemSynchronizedGroups = (
				5A31B6882FA5344F00D3B44F /* hunUITests */,
			);
			name = hunUITests;
			packageProductDependencies = (
			);
			productName = hunUITests;
			productReference = 5A31B6852FA5344F00D3B44F /* hunUITests.xctest */;
			productType = "com.apple.product-type.bundle.ui-testing";
		};
/* End PBXNativeTarget section */

/* Begin PBXProject section */
		5A31B6662FA5344E00D3B44F /* Project object */ = {
			isa = PBXProject;
			attributes = {
				BuildIndependentTargetsInParallel = 1;
				LastSwiftUpdateCheck = 2640;
				LastUpgradeCheck = 2640;
				TargetAttributes = {
					5A31B66D2FA5344E00D3B44F = {
						CreatedOnToolsVersion = 26.4.1;
					};
					5A31B67A2FA5344F00D3B44F = {
						CreatedOnToolsVersion = 26.4.1;
						TestTargetID = 5A31B66D2FA5344E00D3B44F;
					};
					5A31B6842FA5344F00D3B44F = {
						CreatedOnToolsVersion = 26.4.1;
						TestTargetID = 5A31B66D2FA5344E00D3B44F;
					};
				};
			};
			buildConfigurationList = 5A31B6692FA5344E00D3B44F /* Build configuration list for PBXProject "hun" */;
			developmentRegion = en;
			hasScannedForEncodings = 0;
			knownRegions = (
				en,
				Base,
			);
			mainGroup = 5A31B6652FA5344E00D3B44F;
			minimizedProjectReferenceProxies = 1;
			preferredProjectObjectVersion = 77;
			productRefGroup = 5A31B66F2FA5344E00D3B44F /* Products */;
			projectDirPath = "";
			projectRoot = "";
			targets = (
				5A31B66D2FA5344E00D3B44F /* hun */,
				5A31B67A2FA5344F00D3B44F /* hunTests */,
				5A31B6842FA5344F00D3B44F /* hunUITests */,
			);
		};
/* End PBXProject section */

/* Begin PBXResourcesBuildPhase section */
		5A31B66C2FA5344E00D3B44F /* Resources */ = {
			isa = PBXResourcesBuildPhase;
			buildActionMask = 2147483647;
			files = (
			);
			runOnlyForDeploymentPostprocessing = 0;
		};
		5A31B6792FA5344F00D3B44F /* Resources */ = {
			isa = PBXResourcesBuildPhase;
			buildActionMask = 2147483647;
			files = (
			);
			runOnlyForDeploymentPostprocessing = 0;
		};
		5A31B6832FA5344F00D3B44F /* Resources */ = {
			isa = PBXResourcesBuildPhase;
			buildActionMask = 2147483647;
			files = (
			);
			runOnlyForDeploymentPostprocessing = 0;
		};
/* End PBXResourcesBuildPhase section */

/* Begin PBXShellScriptBuildPhase section */
		5A31B6982FA6120000D3B44F /* Build hun CLI */ = {
			isa = PBXShellScriptBuildPhase;
			alwaysOutOfDate = 1;
			buildActionMask = 2147483647;
			files = (
			);
			inputFileListPaths = (
			);
			inputPaths = (
			);
			name = "Build hun CLI";
			outputFileListPaths = (
			);
			outputPaths = (
				"$(TARGET_BUILD_DIR)/$(UNLOCALIZED_RESOURCES_FOLDER_PATH)/hun",
				"$(TARGET_BUILD_DIR)/$(UNLOCALIZED_RESOURCES_FOLDER_PATH)/hun-skill/SKILL.md",
			);
			runOnlyForDeploymentPostprocessing = 0;
			shellPath = /bin/sh;
			shellScript = "set -euo pipefail\nROOT=\"${SRCROOT}/../../..\"\nRESOURCE_DIR=\"${TARGET_BUILD_DIR}/${UNLOCALIZED_RESOURCES_FOLDER_PATH}\"\nmkdir -p \"${RESOURCE_DIR}\"\nGO_BIN=\"${GO_BIN:-}\"\nif [ -z \"${GO_BIN}\" ]; then\n  for candidate in /opt/homebrew/bin/go /usr/local/go/bin/go /usr/local/bin/go \"$(command -v go || true)\"; do\n    if [ -n \"${candidate}\" ] && [ -x \"${candidate}\" ]; then\n      GO_BIN=\"${candidate}\"\n      break\n    fi\n  done\nfi\nif [ -z \"${GO_BIN}\" ]; then\n  echo \"error: Go toolchain not found. Install Go or set GO_BIN in the Xcode scheme environment.\"\n  exit 1\nfi\nHUN_CLI_VERSION=\"${HUN_CLI_VERSION:-dev}\"\nHUN_CLI_COMMIT=\"${HUN_CLI_COMMIT:-$(git -C \"${ROOT}\" rev-parse --short HEAD 2>/dev/null || echo none)}\"\n\"${GO_BIN}\" build -ldflags \"-s -w -X main.version=${HUN_CLI_VERSION} -X main.commit=${HUN_CLI_COMMIT}\" -o \"${RESOURCE_DIR}/hun\" \"${ROOT}/cmd/hun\"\nrm -rf \"${RESOURCE_DIR}/hun-skill\"\nditto \"${ROOT}/skills/hun\" \"${RESOURCE_DIR}/hun-skill\"\n";
		};
/* End PBXShellScriptBuildPhase section */

/* Begin PBXSourcesBuildPhase section */
		5A31B66A2FA5344E00D3B44F /* Sources */ = {
			isa = PBXSourcesBuildPhase;
			buildActionMask = 2147483647;
			files = (
			);
			runOnlyForDeploymentPostprocessing = 0;
		};
		5A31B6772FA5344F00D3B44F /* Sources */ = {
			isa = PBXSourcesBuildPhase;
			buildActionMask = 2147483647;
			files = (
			);
			runOnlyForDeploymentPostprocessing = 0;
		};
		5A31B6812FA5344F00D3B44F /* Sources */ = {
			isa = PBXSourcesBuildPhase;
			buildActionMask = 2147483647;
			files = (
			);
			runOnlyForDeploymentPostprocessing = 0;
		};
/* End PBXSourcesBuildPhase section */

/* Begin PBXTargetDependency section */
		5A31B67D2FA5344F00D3B44F /* PBXTargetDependency */ = {
			isa = PBXTargetDependency;
			target = 5A31B66D2FA5344E00D3B44F /* hun */;
			targetProxy = 5A31B67C2FA5344F00D3B44F /* PBXContainerItemProxy */;
		};
		5A31B6872FA5344F00D3B44F /* PBXTargetDependency */ = {
			isa = PBXTargetDependency;
			target = 5A31B66D2FA5344E00D3B44F /* hun */;
			targetProxy = 5A31B6862FA5344F00D3B44F /* PBXContainerItemProxy */;
		};
/* End PBXTargetDependency section */

/* Begin XCBuildConfiguration section */
		5A31B68D2FA5344F00D3B44F /* Debug */ = {
			isa = XCBuildConfiguration;
			buildSettings = {
				ALWAYS_SEARCH_USER_PATHS = NO;
				ASSETCATALOG_COMPILER_GENERATE_SWIFT_ASSET_SYMBOL_EXTENSIONS = YES;
				CLANG_ANALYZER_NONNULL = YES;
				CLANG_ANALYZER_NUMBER_OBJECT_CONVERSION = YES_AGGRESSIVE;
				CLANG_CXX_LANGUAGE_STANDARD = "gnu++20";
				CLANG_ENABLE_MODULES = YES;
				CLANG_ENABLE_OBJC_ARC = YES;
				CLANG_ENABLE_OBJC_WEAK = YES;
				CLANG_WARN_BLOCK_CAPTURE_AUTORELEASING = YES;
				CLANG_WARN_BOOL_CONVERSION = YES;
				CLANG_WARN_COMMA = YES;
				CLANG_WARN_CONSTANT_CONVERSION = YES;
				CLANG_WARN_DEPRECATED_OBJC_IMPLEMENTATIONS = YES;
				CLANG_WARN_DIRECT_OBJC_ISA_USAGE = YES_ERROR;
				CLANG_WARN_DOCUMENTATION_COMMENTS = YES;
				CLANG_WARN_EMPTY_BODY = YES;
				CLANG_WARN_ENUM_CONVERSION = YES;
				CLANG_WARN_INFINITE_RECURSION = YES;
				CLANG_WARN_INT_CONVERSION = YES;
				CLANG_WARN_NON_LITERAL_NULL_CONVERSION = YES;
				CLANG_WARN_OBJC_IMPLICIT_RETAIN_SELF = YES;
				CLANG_WARN_OBJC_LITERAL_CONVERSION = YES;
				CLANG_WARN_OBJC_ROOT_CLASS = YES_ERROR;
				CLANG_WARN_QUOTED_INCLUDE_IN_FRAMEWORK_HEADER = YES;
				CLANG_WARN_RANGE_LOOP_ANALYSIS = YES;
				CLANG_WARN_STRICT_PROTOTYPES = YES;
				CLANG_WARN_SUSPICIOUS_MOVE = YES;
				CLANG_WARN_UNGUARDED_AVAILABILITY = YES_AGGRESSIVE;
				CLANG_WARN_UNREACHABLE_CODE = YES;
				CLANG_WARN__DUPLICATE_METHOD_MATCH = YES;
				COPY_PHASE_STRIP = NO;
				DEBUG_INFORMATION_FORMAT = dwarf;
				DEVELOPMENT_TEAM = 85L83GK488;
				ENABLE_STRICT_OBJC_MSGSEND = YES;
				ENABLE_TESTABILITY = YES;
				ENABLE_USER_SCRIPT_SANDBOXING = NO;
				GCC_C_LANGUAGE_STANDARD = gnu17;
				GCC_DYNAMIC_NO_PIC = NO;
				GCC_NO_COMMON_BLOCKS = YES;
				GCC_OPTIMIZATION_LEVEL = 0;
				GCC_PREPROCESSOR_DEFINITIONS = (
					"DEBUG=1",
					"$(inherited)",
				);
				GCC_WARN_64_TO_32_BIT_CONVERSION = YES;
				GCC_WARN_ABOUT_RETURN_TYPE = YES_ERROR;
				GCC_WARN_UNDECLARED_SELECTOR = YES;
				GCC_WARN_UNINITIALIZED_AUTOS = YES_AGGRESSIVE;
				GCC_WARN_UNUSED_FUNCTION = YES;
				GCC_WARN_UNUSED_VARIABLE = YES;
				LOCALIZATION_PREFERS_STRING_CATALOGS = YES;
				MACOSX_DEPLOYMENT_TARGET = 15.0;
				MTL_ENABLE_DEBUG_INFO = INCLUDE_SOURCE;
				MTL_FAST_MATH = YES;
				ONLY_ACTIVE_ARCH = YES;
				SDKROOT = macosx;
				SWIFT_ACTIVE_COMPILATION_CONDITIONS = "DEBUG $(inherited)";
				SWIFT_OPTIMIZATION_LEVEL = "-Onone";
			};
			name = Debug;
		};
		5A31B68E2FA5344F00D3B44F /* Release */ = {
			isa = XCBuildConfiguration;
			buildSettings = {
				ALWAYS_SEARCH_USER_PATHS = NO;
				ASSETCATALOG_COMPILER_GENERATE_SWIFT_ASSET_SYMBOL_EXTENSIONS = YES;
				CLANG_ANALYZER_NONNULL = YES;
				CLANG_ANALYZER_NUMBER_OBJECT_CONVERSION = YES_AGGRESSIVE;
				CLANG_CXX_LANGUAGE_STANDARD = "gnu++20";
				CLANG_ENABLE_MODULES = YES;
				CLANG_ENABLE_OBJC_ARC = YES;
				CLANG_ENABLE_OBJC_WEAK = YES;
				CLANG_WARN_BLOCK_CAPTURE_AUTORELEASING = YES;
				CLANG_WARN_BOOL_CONVERSION = YES;
				CLANG_WARN_COMMA = YES;
				CLANG_WARN_CONSTANT_CONVERSION = YES;
				CLANG_WARN_DEPRECATED_OBJC_IMPLEMENTATIONS = YES;
				CLANG_WARN_DIRECT_OBJC_ISA_USAGE = YES_ERROR;
				CLANG_WARN_DOCUMENTATION_COMMENTS = YES;
				CLANG_WARN_EMPTY_BODY = YES;
				CLANG_WARN_ENUM_CONVERSION = YES;
				CLANG_WARN_INFINITE_RECURSION = YES;
				CLANG_WARN_INT_CONVERSION = YES;
				CLANG_WARN_NON_LITERAL_NULL_CONVERSION = YES;
				CLANG_WARN_OBJC_IMPLICIT_RETAIN_SELF = YES;
				CLANG_WARN_OBJC_LITERAL_CONVERSION = YES;
				CLANG_WARN_OBJC_ROOT_CLASS = YES_ERROR;
				CLANG_WARN_QUOTED_INCLUDE_IN_FRAMEWORK_HEADER = YES;
				CLANG_WARN_RANGE_LOOP_ANALYSIS = YES;
				CLANG_WARN_STRICT_PROTOTYPES = YES;
				CLANG_WARN_SUSPICIOUS_MOVE = YES;
				CLANG_WARN_UNGUARDED_AVAILABILITY = YES_AGGRESSIVE;
				CLANG_WARN_UNREACHABLE_CODE = YES;
				CLANG_WARN__DUPLICATE_METHOD_MATCH = YES;
				COPY_PHASE_STRIP = NO;
				DEBUG_INFORMATION_FORMAT = "dwarf-with-dsym";
				DEVELOPMENT_TEAM = 85L83GK488;
				ENABLE_NS_ASSERTIONS = NO;
				ENABLE_STRICT_OBJC_MSGSEND = YES;
				ENABLE_USER_SCRIPT_SANDBOXING = NO;
				GCC_C_LANGUAGE_STANDARD = gnu17;
				GCC_NO_COMMON_BLOCKS = YES;
				GCC_WARN_64_TO_32_BIT_CONVERSION = YES;
				GCC_WARN_ABOUT_RETURN_TYPE = YES_ERROR;
				GCC_WARN_UNDECLARED_SELECTOR = YES;
				GCC_WARN_UNINITIALIZED_AUTOS = YES_AGGRESSIVE;
				GCC_WARN_UNUSED_FUNCTION = YES;
				GCC_WARN_UNUSED_VARIABLE = YES;
				LOCALIZATION_PREFERS_STRING_CATALOGS = YES;
				MACOSX_DEPLOYMENT_TARGET = 15.0;
				MTL_ENABLE_DEBUG_INFO = NO;
				MTL_FAST_MATH = YES;
				SDKROOT = macosx;
				SWIFT_COMPILATION_MODE = wholemodule;
			};
			name = Release;
		};
		5A31B6902FA5344F00D3B44F /* Debug */ = {
			isa = XCBuildConfiguration;
			buildSettings = {
				ASSETCATALOG_COMPILER_APPICON_NAME = AppIcon;
				ASSETCATALOG_COMPILER_GLOBAL_ACCENT_COLOR_NAME = AccentColor;
				CODE_SIGN_STYLE = Automatic;
				COMBINE_HIDPI_IMAGES = YES;
				CURRENT_PROJECT_VERSION = 1;
				DEVELOPMENT_TEAM = 85L83GK488;
				ENABLE_APP_SANDBOX = NO;
				ENABLE_HARDENED_RUNTIME = NO;
				ENABLE_PREVIEWS = YES;
				ENABLE_USER_SELECTED_FILES = readonly;
				GENERATE_INFOPLIST_FILE = YES;
				INFOPLIST_KEY_NSHumanReadableCopyright = "";
				LD_RUNPATH_SEARCH_PATHS = (
					"$(inherited)",
					"@executable_path/../Frameworks",
				);
				MARKETING_VERSION = 1.0;
				PRODUCT_BUNDLE_IDENTIFIER = sourabh.fun.hun;
				PRODUCT_NAME = "$(TARGET_NAME)";
				REGISTER_APP_GROUPS = YES;
				STRING_CATALOG_GENERATE_SYMBOLS = YES;
				SWIFT_APPROACHABLE_CONCURRENCY = YES;
				SWIFT_DEFAULT_ACTOR_ISOLATION = MainActor;
				SWIFT_EMIT_LOC_STRINGS = YES;
				SWIFT_UPCOMING_FEATURE_MEMBER_IMPORT_VISIBILITY = YES;
				SWIFT_VERSION = 5.0;
			};
			name = Debug;
		};
		5A31B6912FA5344F00D3B44F /* Release */ = {
			isa = XCBuildConfiguration;
			buildSettings = {
				ASSETCATALOG_COMPILER_APPICON_NAME = AppIcon;
				ASSETCATALOG_COMPILER_GLOBAL_ACCENT_COLOR_NAME = AccentColor;
				CODE_SIGN_STYLE = Automatic;
				COMBINE_HIDPI_IMAGES = YES;
				CURRENT_PROJECT_VERSION = 1;
				DEVELOPMENT_TEAM = 85L83GK488;
				ENABLE_APP_SANDBOX = NO;
				ENABLE_HARDENED_RUNTIME = YES;
				ENABLE_PREVIEWS = YES;
				ENABLE_USER_SELECTED_FILES = readonly;
				GENERATE_INFOPLIST_FILE = YES;
				INFOPLIST_KEY_NSHumanReadableCopyright = "";
				LD_RUNPATH_SEARCH_PATHS = (
					"$(inherited)",
					"@executable_path/../Frameworks",
				);
				MARKETING_VERSION = 1.0;
				PRODUCT_BUNDLE_IDENTIFIER = sourabh.fun.hun;
				PRODUCT_NAME = "$(TARGET_NAME)";
				REGISTER_APP_GROUPS = YES;
				STRING_CATALOG_GENERATE_SYMBOLS = YES;
				SWIFT_APPROACHABLE_CONCURRENCY = YES;
				SWIFT_DEFAULT_ACTOR_ISOLATION = MainActor;
				SWIFT_EMIT_LOC_STRINGS = YES;
				SWIFT_UPCOMING_FEATURE_MEMBER_IMPORT_VISIBILITY = YES;
				SWIFT_VERSION = 5.0;
			};
			name = Release;
		};
		5A31B6932FA5344F00D3B44F /* Debug */ = {
			isa = XCBuildConfiguration;
			buildSettings = {
				BUNDLE_LOADER = "$(TEST_HOST)";
				CODE_SIGN_STYLE = Automatic;
				CURRENT_PROJECT_VERSION = 1;
				DEVELOPMENT_TEAM = 85L83GK488;
				GENERATE_INFOPLIST_FILE = YES;
				MACOSX_DEPLOYMENT_TARGET = 15.0;
				MARKETING_VERSION = 1.0;
				PRODUCT_BUNDLE_IDENTIFIER = sourabh.fun.hunTests;
				PRODUCT_NAME = "$(TARGET_NAME)";
				STRING_CATALOG_GENERATE_SYMBOLS = NO;
				SWIFT_APPROACHABLE_CONCURRENCY = YES;
				SWIFT_EMIT_LOC_STRINGS = NO;
				SWIFT_UPCOMING_FEATURE_MEMBER_IMPORT_VISIBILITY = YES;
				SWIFT_VERSION = 5.0;
				TEST_HOST = "$(BUILT_PRODUCTS_DIR)/hun.app/$(BUNDLE_EXECUTABLE_FOLDER_PATH)/hun";
			};
			name = Debug;
		};
		5A31B6942FA5344F00D3B44F /* Release */ = {
			isa = XCBuildConfiguration;
			buildSettings = {
				BUNDLE_LOADER = "$(TEST_HOST)";
				CODE_SIGN_STYLE = Automatic;
				CURRENT_PROJECT_VERSION = 1;
				DEVELOPMENT_TEAM = 85L83GK488;
				GENERATE_INFOPLIST_FILE = YES;
				MACOSX_DEPLOYMENT_TARGET = 15.0;
				MARKETING_VERSION = 1.0;
				PRODUCT_BUNDLE_IDENTIFIER = sourabh.fun.hunTests;
				PRODUCT_NAME = "$(TARGET_NAME)";
				STRING_CATALOG_GENERATE_SYMBOLS = NO;
				SWIFT_APPROACHABLE_CONCURRENCY = YES;
				SWIFT_EMIT_LOC_STRINGS = NO;
				SWIFT_UPCOMING_FEATURE_MEMBER_IMPORT_VISIBILITY = YES;
				SWIFT_VERSION = 5.0;
				TEST_HOST = "$(BUILT_PRODUCTS_DIR)/hun.app/$(BUNDLE_EXECUTABLE_FOLDER_PATH)/hun";
			};
			name = Release;
		};
		5A31B6962FA5344F00D3B44F /* Debug */ = {
			isa = XCBuildConfiguration;
			buildSettings = {
				CODE_SIGN_STYLE = Automatic;
				CURRENT_PROJECT_VERSION = 1;
				DEVELOPMENT_TEAM = 85L83GK488;
				GENERATE_INFOPLIST_FILE = YES;
				MARKETING_VERSION = 1.0;
				PRODUCT_BUNDLE_IDENTIFIER = sourabh.fun.hunUITests;
				PRODUCT_NAME = "$(TARGET_NAME)";
				STRING_CATALOG_GENERATE_SYMBOLS = NO;
				SWIFT_APPROACHABLE_CONCURRENCY = YES;
				SWIFT_EMIT_LOC_STRINGS = NO;
				SWIFT_UPCOMING_FEATURE_MEMBER_IMPORT_VISIBILITY = YES;
				SWIFT_VERSION = 5.0;
				TEST_TARGET_NAME = hun;
			};
			name = Debug;
		};
		5A31B6972FA5344F00D3B44F /* Release */ = {
			isa = XCBuildConfiguration;
			buildSettings = {
				CODE_SIGN_STYLE = Automatic;
				CURRENT_PROJECT_VERSION = 1;
				DEVELOPMENT_TEAM = 85L83GK488;
				GENERATE_INFOPLIST_FILE = YES;
				MARKETING_VERSION = 1.0;
				PRODUCT_BUNDLE_IDENTIFIER = sourabh.fun.hunUITests;
				PRODUCT_NAME = "$(TARGET_NAME)";
				STRING_CATALOG_GENERATE_SYMBOLS = NO;
				SWIFT_APPROACHABLE_CONCURRENCY = YES;
				SWIFT_EMIT_LOC_STRINGS = NO;
				SWIFT_UPCOMING_FEATURE_MEMBER_IMPORT_VISIBILITY = YES;
				SWIFT_VERSION = 5.0;
				TEST_TARGET_NAME = hun;
			};
			name = Release;
		};
/* End XCBuildConfiguration section */

/* Begin XCConfigurationList section */
		5A31B6692FA5344E00D3B44F /* Build configuration list for PBXProject "hun" */ = {
			isa = XCConfigurationList;
			buildConfigurations = (
				5A31B68D2FA5344F00D3B44F /* Debug */,
				5A31B68E2FA5344F00D3B44F /* Release */,
			);
			defaultConfigurationIsVisible = 0;
			defaultConfigurationName = Release;
		};
		5A31B68F2FA5344F00D3B44F /* Build configuration list for PBXNativeTarget "hun" */ = {
			isa = XCConfigurationList;
			buildConfigurations = (
				5A31B6902FA5344F00D3B44F /* Debug */,
				5A31B6912FA5344F00D3B44F /* Release */,
			);
			defaultConfigurationIsVisible = 0;
			defaultConfigurationName = Release;
		};
		5A31B6922FA5344F00D3B44F /* Build configuration list for PBXNativeTarget "hunTests" */ = {
			isa = XCConfigurationList;
			buildConfigurations = (
				5A31B6932FA5344F00D3B44F /* Debug */,
				5A31B6942FA5344F00D3B44F /* Release */,
			);
			defaultConfigurationIsVisible = 0;
			defaultConfigurationName = Release;
		};
		5A31B6952FA5344F00D3B44F /* Build configuration list for PBXNativeTarget "hunUITests" */ = {
			isa = XCConfigurationList;
			buildConfigurations = (
				5A31B6962FA5344F00D3B44F /* Debug */,
				5A31B6972FA5344F00D3B44F /* Release */,
			);
			defaultConfigurationIsVisible = 0;
			defaultConfigurationName = Release;
		};
/* End XCConfigurationList section */
	};
	rootObject = 5A31B6662FA5344E00D3B44F /* Project object */;
}
